
Microsoft Visual Studio Solution File, Format Version 12.00
# Visual Studio 14
VisualStudioVersion = 14.0.25420.1
MinimumVisualStudioVersion = 10.0.40219.1
Project("{FAE04EC0-301F-11D3-BF4B-00C04F79EFBC}") = "JinnSports.WEB", "JinnSports.WEB\JinnSports.WEB.csproj", "{A59B1364-9A21-427F-B869-DE3D3AC0D9F9}"
EndProject
Project("{FAE04EC0-301F-11D3-BF4B-00C04F79EFBC}") = "JinnSports.BLL", "JinnSports.BLL\JinnSports.BLL.csproj", "{629F73E6-EACE-4DCF-AB1B-1488D3A9BFC9}"
EndProject
Project("{FAE04EC0-301F-11D3-BF4B-00C04F79EFBC}") = "JinnSports.DAL", "JinnSports.DAL\JinnSports.DAL.csproj", "{BE36F33A-801A-4B21-8130-FF952C3A5F97}"
EndProject
Project("{FAE04EC0-301F-11D3-BF4B-00C04F79EFBC}") = "JinnSports.Parser.App", "JinnSports.Parser.App\JinnSports.Parser.App.csproj", "{C5F8DE8E-BEA1-4A55-A0B4-1190EEE9D017}"
EndProject
Project("{FAE04EC0-301F-11D3-BF4B-00C04F79EFBC}") = "JinnSports.DataAccessInterfaces", "JinnSports.DataAccessInterfaces\JinnSports.DataAccessInterfaces.csproj", "{07107E13-6DDF-47AF-90BC-FB344B060511}"
EndProject
Project("{FAE04EC0-301F-11D3-BF4B-00C04F79EFBC}") = "JinnSports.ParserService", "JinnSports.ParserService\JinnSports.ParserService.csproj", "{DE7940A7-FD68-4997-928D-B5569501DEB3}"
EndProject
Project("{6141683F-8A12-4E36-9623-2EB02B2C2303}") = "JinnSports.ParserServiceInstaller", "JinnSports.ParserServiceInstaller\JinnSports.ParserServiceInstaller.isproj", "{99977AB1-60E2-49AC-8379-081E3AB1F535}"
	ProjectSection(ProjectDependencies) = postProject
		{DE7940A7-FD68-4997-928D-B5569501DEB3} = {DE7940A7-FD68-4997-928D-B5569501DEB3}
	EndProjectSection
EndProject
Global
	GlobalSection(SolutionConfigurationPlatforms) = preSolution
		CD_ROM|Any CPU = CD_ROM|Any CPU
		Debug|Any CPU = Debug|Any CPU
		DVD-5|Any CPU = DVD-5|Any CPU
		Release|Any CPU = Release|Any CPU
		SingleImage|Any CPU = SingleImage|Any CPU
	EndGlobalSection
	GlobalSection(ProjectConfigurationPlatforms) = postSolution
		{A59B1364-9A21-427F-B869-DE3D3AC0D9F9}.CD_ROM|Any CPU.ActiveCfg = Release|Any CPU
		{A59B1364-9A21-427F-B869-DE3D3AC0D9F9}.CD_ROM|Any CPU.Build.0 = Release|Any CPU
		{A59B1364-9A21-427F-B869-DE3D3AC0D9F9}.Debug|Any CPU.ActiveCfg = Debug|Any CPU
		{A59B1364-9A21-427F-B869-DE3D3AC0D9F9}.Debug|Any CPU.Build.0 = Debug|Any CPU
		{A59B1364-9A21-427F-B869-DE3D3AC0D9F9}.DVD-5|Any CPU.ActiveCfg = Debug|Any CPU
		{A59B1364-9A21-427F-B869-DE3D3AC0D9F9}.DVD-5|Any CPU.Build.0 = Debug|Any CPU
		{A59B1364-9A21-427F-B869-DE3D3AC0D9F9}.Release|Any CPU.ActiveCfg = Release|Any CPU
		{A59B1364-9A21-427F-B869-DE3D3AC0D9F9}.Release|Any CPU.Build.0 = Release|Any CPU
		{A59B1364-9A21-427F-B869-DE3D3AC0D9F9}.SingleImage|Any CPU.ActiveCfg = Release|Any CPU
		{A59B1364-9A21-427F-B869-DE3D3AC0D9F9}.SingleImage|Any CPU.Build.0 = Release|Any CPU
		{629F73E6-EACE-4DCF-AB1B-1488D3A9BFC9}.CD_ROM|Any CPU.ActiveCfg = Release|Any CPU
		{629F73E6-EACE-4DCF-AB1B-1488D3A9BFC9}.CD_ROM|Any CPU.Build.0 = Release|Any CPU
		{629F73E6-EACE-4DCF-AB1B-1488D3A9BFC9}.Debug|Any CPU.ActiveCfg = Debug|Any CPU
		{629F73E6-EACE-4DCF-AB1B-1488D3A9BFC9}.Debug|Any CPU.Build.0 = Debug|Any CPU
		{629F73E6-EACE-4DCF-AB1B-1488D3A9BFC9}.DVD-5|Any CPU.ActiveCfg = Debug|Any CPU
		{629F73E6-EACE-4DCF-AB1B-1488D3A9BFC9}.DVD-5|Any CPU.Build.0 = Debug|Any CPU
		{629F73E6-EACE-4DCF-AB1B-1488D3A9BFC9}.Release|Any CPU.ActiveCfg = Release|Any CPU
		{629F73E6-EACE-4DCF-AB1B-1488D3A9BFC9}.Release|Any CPU.Build.0 = Release|Any CPU
		{629F73E6-EACE-4DCF-AB1B-1488D3A9BFC9}.SingleImage|Any CPU.ActiveCfg = Release|Any CPU
		{629F73E6-EACE-4DCF-AB1B-1488D3A9BFC9}.SingleImage|Any CPU.Build.0 = Release|Any CPU
		{BE36F33A-801A-4B21-8130-FF952C3A5F97}.CD_ROM|Any CPU.ActiveCfg = Release|Any CPU
		{BE36F33A-801A-4B21-8130-FF952C3A5F97}.CD_ROM|Any CPU.Build.0 = Release|Any CPU
		{BE36F33A-801A-4B21-8130-FF952C3A5F97}.Debug|Any CPU.ActiveCfg = Debug|Any CPU
		{BE36F33A-801A-4B21-8130-FF952C3A5F97}.Debug|Any CPU.Build.0 = Debug|Any CPU
		{BE36F33A-801A-4B21-8130-FF952C3A5F97}.DVD-5|Any CPU.ActiveCfg = Debug|Any CPU
		{BE36F33A-801A-4B21-8130-FF952C3A5F97}.DVD-5|Any CPU.Build.0 = Debug|Any CPU
		{BE36F33A-801A-4B21-8130-FF952C3A5F97}.Release|Any CPU.ActiveCfg = Release|Any CPU
		{BE36F33A-801A-4B21-8130-FF952C3A5F97}.Release|Any CPU.Build.0 = Release|Any CPU
		{BE36F33A-801A-4B21-8130-FF952C3A5F97}.SingleImage|Any CPU.ActiveCfg = Release|Any CPU
		{BE36F33A-801A-4B21-8130-FF952C3A5F97}.SingleImage|Any CPU.Build.0 = Release|Any CPU
		{C5F8DE8E-BEA1-4A55-A0B4-1190EEE9D017}.CD_ROM|Any CPU.ActiveCfg = Release|Any CPU
		{C5F8DE8E-BEA1-4A55-A0B4-1190EEE9D017}.CD_ROM|Any CPU.Build.0 = Release|Any CPU
		{C5F8DE8E-BEA1-4A55-A0B4-1190EEE9D017}.Debug|Any CPU.ActiveCfg = Debug|Any CPU
		{C5F8DE8E-BEA1-4A55-A0B4-1190EEE9D017}.Debug|Any CPU.Build.0 = Debug|Any CPU
		{C5F8DE8E-BEA1-4A55-A0B4-1190EEE9D017}.DVD-5|Any CPU.ActiveCfg = Debug|Any CPU
		{C5F8DE8E-BEA1-4A55-A0B4-1190EEE9D017}.DVD-5|Any CPU.Build.0 = Debug|Any CPU
		{C5F8DE8E-BEA1-4A55-A0B4-1190EEE9D017}.Release|Any CPU.ActiveCfg = Release|Any CPU
		{C5F8DE8E-BEA1-4A55-A0B4-1190EEE9D017}.Release|Any CPU.Build.0 = Release|Any CPU
		{C5F8DE8E-BEA1-4A55-A0B4-1190EEE9D017}.SingleImage|Any CPU.ActiveCfg = Release|Any CPU
		{C5F8DE8E-BEA1-4A55-A0B4-1190EEE9D017}.SingleImage|Any CPU.Build.0 = Release|Any CPU
		{07107E13-6DDF-47AF-90BC-FB344B060511}.CD_ROM|Any CPU.ActiveCfg = Release|Any CPU
		{07107E13-6DDF-47AF-90BC-FB344B060511}.CD_ROM|Any CPU.Build.0 = Release|Any CPU
		{07107E13-6DDF-47AF-90BC-FB344B060511}.Debug|Any CPU.ActiveCfg = Debug|Any CPU
		{07107E13-6DDF-47AF-90BC-FB344B060511}.Debug|Any CPU.Build.0 = Debug|Any CPU
		{07107E13-6DDF-47AF-90BC-FB344B060511}.DVD-5|Any CPU.ActiveCfg = Debug|Any CPU
		{07107E13-6DDF-47AF-90BC-FB344B060511}.DVD-5|Any CPU.Build.0 = Debug|Any CPU
		{07107E13-6DDF-47AF-90BC-FB344B060511}.Release|Any CPU.ActiveCfg = Release|Any CPU
		{07107E13-6DDF-47AF-90BC-FB344B060511}.Release|Any CPU.Build.0 = Release|Any CPU
		{07107E13-6DDF-47AF-90BC-FB344B060511}.SingleImage|Any CPU.ActiveCfg = Release|Any CPU
		{07107E13-6DDF-47AF-90BC-FB344B060511}.SingleImage|Any CPU.Build.0 = Release|Any CPU
		{DE7940A7-FD68-4997-928D-B5569501DEB3}.CD_ROM|Any CPU.ActiveCfg = Release|Any CPU
		{DE7940A7-FD68-4997-928D-B5569501DEB3}.CD_ROM|Any CPU.Build.0 = Release|Any CPU
		{DE7940A7-FD68-4997-928D-B5569501DEB3}.Debug|Any CPU.ActiveCfg = Debug|Any CPU
		{DE7940A7-FD68-4997-928D-B5569501DEB3}.Debug|Any CPU.Build.0 = Debug|Any CPU
		{DE7940A7-FD68-4997-928D-B5569501DEB3}.DVD-5|Any CPU.ActiveCfg = Debug|Any CPU
		{DE7940A7-FD68-4997-928D-B5569501DEB3}.DVD-5|Any CPU.Build.0 = Debug|Any CPU
		{DE7940A7-FD68-4997-928D-B5569501DEB3}.Release|Any CPU.ActiveCfg = Release|Any CPU
		{DE7940A7-FD68-4997-928D-B5569501DEB3}.Release|Any CPU.Build.0 = Release|Any CPU
		{DE7940A7-FD68-4997-928D-B5569501DEB3}.SingleImage|Any CPU.ActiveCfg = Release|Any CPU
		{DE7940A7-FD68-4997-928D-B5569501DEB3}.SingleImage|Any CPU.Build.0 = Release|Any CPU
		{99977AB1-60E2-49AC-8379-081E3AB1F535}.CD_ROM|Any CPU.ActiveCfg = CD_ROM
		{99977AB1-60E2-49AC-8379-081E3AB1F535}.CD_ROM|Any CPU.Build.0 = CD_ROM
		{99977AB1-60E2-49AC-8379-081E3AB1F535}.Debug|Any CPU.ActiveCfg = DVD-5
		{99977AB1-60E2-49AC-8379-081E3AB1F535}.Debug|Any CPU.Build.0 = DVD-5
		{99977AB1-60E2-49AC-8379-081E3AB1F535}.DVD-5|Any CPU.ActiveCfg = DVD-5
		{99977AB1-60E2-49AC-8379-081E3AB1F535}.DVD-5|Any CPU.Build.0 = DVD-5
		{99977AB1-60E2-49AC-8379-081E3AB1F535}.Release|Any CPU.ActiveCfg = SingleImage
		{99977AB1-60E2-49AC-8379-081E3AB1F535}.Release|Any CPU.Build.0 = SingleImage
		{99977AB1-60E2-49AC-8379-081E3AB1F535}.SingleImage|Any CPU.ActiveCfg = SingleImage
		{99977AB1-60E2-49AC-8379-081E3AB1F535}.SingleImage|Any CPU.Build.0 = SingleImage
	EndGlobalSection
	GlobalSection(SolutionProperties) = preSolution
		HideSolutionNode = FALSE
	EndGlobalSection
EndGlobal
